// !$*UTF8*$!
{
	archiveVersion = 1;
	classes = {
	};
	objectVersion = 48;
	objects = {

/* Begin PBXBuildFile section */
		235B4152202DC1DF00F86146 /* AppDelegate.swift in Sources */ = {isa = PBXBuildFile; fileRef = 235B4151202DC1DF00F86146 /* AppDelegate.swift */; };
		235B4154202DC1DF00F86146 /* TodoeyTableViewController.swift in Sources */ = {isa = PBXBuildFile; fileRef = 235B4153202DC1DF00F86146 /* TodoeyTableViewController.swift */; };
		235B4157202DC1DF00F86146 /* Main.storyboard in Resources */ = {isa = PBXBuildFile; fileRef = 235B4155202DC1DF00F86146 /* Main.storyboard */; };
		235B4159202DC1E000F86146 /* Assets.xcassets in Resources */ = {isa = PBXBuildFile; fileRef = 235B4158202DC1E000F86146 /* Assets.xcassets */; };
		235B415C202DC1E000F86146 /* LaunchScreen.storyboard in Resources */ = {isa = PBXBuildFile; fileRef = 235B415A202DC1E000F86146 /* LaunchScreen.storyboard */; };
		23A0B891203494F800AF2BB6 /* DataModel.xcdatamodeld in Sources */ = {isa = PBXBuildFile; fileRef = 23A0B88F203494F800AF2BB6 /* DataModel.xcdatamodeld */; };
/* End PBXBuildFile section */

/* Begin PBXFileReference section */
		235B414E202DC1DF00F86146 /* ToDoey.app */ = {isa = PBXFileReference; explicitFileType = wrapper.application; includeInIndex = 0; path = ToDoey.app; sourceTree = BUILT_PRODUCTS_DIR; };
		235B4151202DC1DF00F86146 /* AppDelegate.swift */ = {isa = PBXFileReference; lastKnownFileType = sourcecode.swift; path = AppDelegate.swift; sourceTree = "<group>"; };
		235B4153202DC1DF00F86146 /* TodoeyTableViewController.swift */ = {isa = PBXFileReference; lastKnownFileType = sourcecode.swift; path = TodoeyTableViewController.swift; sourceTree = "<group>"; };
		235B4156202DC1DF00F86146 /* Base */ = {isa = PBXFileReference; lastKnownFileType = file.storyboard; name = Base; path = Base.lproj/Main.storyboard; sourceTree = "<group>"; };
		235B4158202DC1E000F86146 /* Assets.xcassets */ = {isa = PBXFileReference; lastKnownFileType = folder.assetcatalog; path = Assets.xcassets; sourceTree = "<group>"; };
		235B415B202DC1E000F86146 /* Base */ = {isa = PBXFileReference; lastKnownFileType = file.storyboard; name = Base; path = Base.lproj/LaunchScreen.storyboard; sourceTree = "<group>"; };
		235B415D202DC1E000F86146 /* Info.plist */ = {isa = PBXFileReference; lastKnownFileType = text.plist.xml; path = Info.plist; sourceTree = "<group>"; };
		23A0B890203494F800AF2BB6 /* DataModel.xcdatamodel */ = {isa = PBXFileReference; lastKnownFileType = wrapper.xcdatamodel; path = DataModel.xcdatamodel; sourceTree = "<group>"; };
/* End PBXFileReference section */

/* Begin PBXFrameworksBuildPhase section */
		235B414B202DC1DF00F86146 /* Frameworks */ = {
			isa = PBXFrameworksBuildPhase;
			buildActionMask = 2147483647;
			files = (
			);
			runOnlyForDeploymentPostprocessing = 0;
		};
/* End PBXFrameworksBuildPhase section */

/* Begin PBXGroup section */
		235B4145202DC1DF00F86146 = {
			isa = PBXGroup;
			children = (
				235B4150202DC1DF00F86146 /* ToDoey */,
				235B414F202DC1DF00F86146 /* Products */,
			);
			sourceTree = "<group>";
		};
		235B414F202DC1DF00F86146 /* Products */ = {
			isa = PBXGroup;
			children = (
				235B414E202DC1DF00F86146 /* ToDoey.app */,
			);
			name = Products;
			sourceTree = "<group>";
		};
		235B4150202DC1DF00F86146 /* ToDoey */ = {
			isa = PBXGroup;
			children = (
				235B4151202DC1DF00F86146 /* AppDelegate.swift */,
				23A0B88D203365CF00AF2BB6 /* Cotrollers */,
				23A0B88C203365AB00AF2BB6 /* Data Model */,
				23A0B88E203365E300AF2BB6 /* View */,
				235B4158202DC1E000F86146 /* Assets.xcassets */,
				235B415A202DC1E000F86146 /* LaunchScreen.storyboard */,
				235B415D202DC1E000F86146 /* Info.plist */,
			);
			path = ToDoey;
			sourceTree = "<group>";
		};
		23A0B88C203365AB00AF2BB6 /* Data Model */ = {
			isa = PBXGroup;
			children = (
				23A0B88F203494F800AF2BB6 /* DataModel.xcdatamodeld */,
			);
			path = "Data Model";
			sourceTree = "<group>";
		};
		23A0B88D203365CF00AF2BB6 /* Cotrollers */ = {
			isa = PBXGroup;
			children = (
				235B4153202DC1DF00F86146 /* TodoeyTableViewController.swift */,
			);
			path = Cotrollers;
			sourceTree = "<group>";
		};
		23A0B88E203365E300AF2BB6 /* View */ = {
			isa = PBXGroup;
			children = (
				235B4155202DC1DF00F86146 /* Main.storyboard */,
			);
			path = View;
			sourceTree = "<group>";
		};
/* End PBXGroup section */

/* Begin PBXNativeTarget section */
		235B414D202DC1DF00F86146 /* ToDoey */ = {
			isa = PBXNativeTarget;
			buildConfigurationList = 235B4160202DC1E000F86146 /* Build configuration list for PBXNativeTarget "ToDoey" */;
			buildPhases = (
				235B414A202DC1DF00F86146 /* Sources */,
				235B414B202DC1DF00F86146 /* Frameworks */,
				235B414C202DC1DF00F86146 /* Resources */,
			);
			buildRules = (
			);
			dependencies = (
			);
			name = ToDoey;
			productName = ToDoey;
			productReference = 235B414E202DC1DF00F86146 /* ToDoey.app */;
			productType = "com.apple.product-type.application";
		};
/* End PBXNativeTarget section */

/* Begin PBXProject section */
		235B4146202DC1DF00F86146 /* Project object */ = {
			isa = PBXProject;
			attributes = {
				LastSwiftUpdateCheck = 0920;
				LastUpgradeCheck = 0920;
				ORGANIZATIONNAME = "Keith Carter";
				TargetAttributes = {
					235B414D202DC1DF00F86146 = {
						CreatedOnToolsVersion = 9.2;
						ProvisioningStyle = Automatic;
					};
				};
			};
			buildConfigurationList = 235B4149202DC1DF00F86146 /* Build configuration list for PBXProject "ToDoey" */;
			compatibilityVersion = "Xcode 8.0";
			developmentRegion = en;
			hasScannedForEncodings = 0;
			knownRegions = (
				en,
				Base,
			);
			mainGroup = 235B4145202DC1DF00F86146;
			productRefGroup = 235B414F202DC1DF00F86146 /* Products */;
			projectDirPath = "";
			projectRoot = "";
			targets = (
				235B414D202DC1DF00F86146 /* ToDoey */,
			);
		};
/* End PBXProject section */

/* Begin PBXResourcesBuildPhase section */
		235B414C202DC1DF00F86146 /* Resources */ = {
			isa = PBXResourcesBuildPhase;
			buildActionMask = 2147483647;
			files = (
				235B415C202DC1E000F86146 /* LaunchScreen.storyboard in Resources */,
				235B4159202DC1E000F86146 /* Assets.xcassets in Resources */,
				235B4157202DC1DF00F86146 /* Main.storyboard in Resources */,
			);
			runOnlyForDeploymentPostprocessing = 0;
		};
/* End PBXResourcesBuildPhase section */

/* Begin PBXSourcesBuildPhase section */
		235B414A202DC1DF00F86146 /* Sources */ = {
			isa = PBXSourcesBuildPhase;
			buildActionMask = 2147483647;
			files = (
				23A0B891203494F800AF2BB6 /* DataModel.xcdatamodeld in Sources */,
				235B4154202DC1DF00F86146 /* TodoeyTableViewController.swift in Sources */,
				235B4152202DC1DF00F86146 /* AppDelegate.swift in Sources */,
			);
			runOnlyForDeploymentPostprocessing = 0;
		};
/* End PBXSourcesBuildPhase section */

/* Begin PBXVariantGroup section */
		235B4155202DC1DF00F86146 /* Main.storyboard */ = {
			isa = PBXVariantGroup;
			children = (
				235B4156202DC1DF00F86146 /* Base */,
			);
			name = Main.storyboard;
			sourceTree = "<group>";
		};
		235B415A202DC1E000F86146 /* LaunchScreen.storyboard */ = {
			isa = PBXVariantGroup;
			children = (
				235B415B202DC1E000F86146 /* Base */,
			);
			name = LaunchScreen.storyboard;
			sourceTree = "<group>";
		};
/* End PBXVariantGroup section */

/* Begin XCBuildConfiguration section */
		235B415E202DC1E000F86146 /* Debug */ = {
			isa = XCBuildConfiguration;
			buildSettings = {
				ALWAYS_SEARCH_USER_PATHS = NO;
				CLANG_ANALYZER_NONNULL = YES;
				CLANG_ANALYZER_NUMBER_OBJECT_CONVERSION = YES_AGGRESSIVE;
				CLANG_CXX_LANGUAGE_STANDARD = "gnu++14";
				CLANG_CXX_LIBRARY = "libc++";
				CLANG_ENABLE_MODULES = YES;
				CLANG_ENABLE_OBJC_ARC = YES;
				CLANG_WARN_BLOCK_CAPTURE_AUTORELEASING = YES;
				CLANG_WARN_BOOL_CONVERSION = YES;
				CLANG_WARN_COMMA = YES;
				CLANG_WARN_CONSTANT_CONVERSION = YES;
				CLANG_WARN_DIRECT_OBJC_ISA_USAGE = YES_ERROR;
				CLANG_WARN_DOCUMENTATION_COMMENTS = YES;
				CLANG_WARN_EMPTY_BODY = YES;
				CLANG_WARN_ENUM_CONVERSION = YES;
				CLANG_WARN_INFINITE_RECURSION = YES;
				CLANG_WARN_INT_CONVERSION = YES;
				CLANG_WARN_NON_LITERAL_NULL_CONVERSION = YES;
				CLANG_WARN_OBJC_LITERAL_CONVERSION = YES;
				CLANG_WARN_OBJC_ROOT_CLASS = YES_ERROR;
				CLANG_WARN_RANGE_LOOP_ANALYSIS = YES;
				CLANG_WARN_STRICT_PROTOTYPES = YES;
				CLANG_WARN_SUSPICIOUS_MOVE = YES;
				CLANG_WARN_UNGUARDED_AVAILABILITY = YES_AGGRESSIVE;
				CLANG_WARN_UNREACHABLE_CODE = YES;
				CLANG_WARN__DUPLICATE_METHOD_MATCH = YES;
				CODE_SIGN_IDENTITY = "iPhone Developer";
				COPY_PHASE_STRIP = NO;
				DEBUG_INFORMATION_FORMAT = dwarf;
				ENABLE_STRICT_OBJC_MSGSEND = YES;
				ENABLE_TESTABILITY = YES;
				GCC_C_LANGUAGE_STANDARD = gnu11;
				GCC_DYNAMIC_NO_PIC = NO;
				GCC_NO_COMMON_BLOCKS = YES;
				GCC_OPTIMIZATION_LEVEL = 0;
				GCC_PREPROCESSOR_DEFINITIONS = (
					"DEBUG=1",
					"$(inherited)",
				);
				GCC_WARN_64_TO_32_BIT_CONVERSION = YES;
				GCC_WARN_ABOUT_RETURN_TYPE = YES_ERROR;
				GCC_WARN_UNDECLARED_SELECTOR = YES;
				GCC_WARN_UNINITIALIZED_AUTOS = YES_AGGRESSIVE;
				GCC_WARN_UNUSED_FUNCTION = YES;
				GCC_WARN_UNUSED_VARIABLE = YES;
				IPHONEOS_DEPLOYMENT_TARGET = 11.2;
				MTL_ENABLE_DEBUG_INFO = YES;
				ONLY_ACTIVE_ARCH = YES;
				SDKROOT = iphoneos;
				SWIFT_ACTIVE_COMPILATION_CONDITIONS = DEBUG;
				SWIFT_OPTIMIZATION_LEVEL = "-Onone";
			};
			name = Debug;
		};
		235B415F202DC1E000F86146 /* Release */ = {
			isa = XCBuildConfiguration;
			buildSettings = {
				ALWAYS_SEARCH_USER_PATHS = NO;
				CLANG_ANALYZER_NONNULL = YES;
				CLANG_ANALYZER_NUMBER_OBJECT_CONVERSION = YES_AGGRESSIVE;
				CLANG_CXX_LANGUAGE_STANDARD = "gnu++14";
				CLANG_CXX_LIBRARY = "libc++";
				CLANG_ENABLE_MODULES = YES;
				CLANG_ENABLE_OBJC_ARC = YES;
				CLANG_WARN_BLOCK_CAPTURE_AUTORELEASING = YES;
				CLANG_WARN_BOOL_CONVERSION = YES;
				CLANG_WARN_COMMA = YES;
				CLANG_WARN_CONSTANT_CONVERSION = YES;
				CLANG_WARN_DIRECT_OBJC_ISA_USAGE = YES_ERROR;
				CLANG_WARN_DOCUMENTATION_COMMENTS = YES;
				CLANG_WARN_EMPTY_BODY = YES;
				CLANG_WARN_ENUM_CONVERSION = YES;
				CLANG_WARN_INFINITE_RECURSION = YES;
				CLANG_WARN_INT_CONVERSION = YES;
				CLANG_WARN_NON_LITERAL_NULL_CONVERSION = YES;
				CLANG_WARN_OBJC_LITERAL_CONVERSION = YES;
				CLANG_WARN_OBJC_ROOT_CLASS = YES_ERROR;
				CLANG_WARN_RANGE_LOOP_ANALYSIS = YES;
				CLANG_WARN_STRICT_PROTOTYPES = YES;
				CLANG_WARN_SUSPICIOUS_MOVE = YES;
				CLANG_WARN_UNGUARDED_AVAILABILITY = YES_AGGRESSIVE;
				CLANG_WARN_UNREACHABLE_CODE = YES;
				CLANG_WARN__DUPLICATE_METHOD_MATCH = YES;
				CODE_SIGN_IDENTITY = "iPhone Developer";
				COPY_PHASE_STRIP = NO;
				DEBUG_INFORMATION_FORMAT = "dwarf-with-dsym";
				ENABLE_NS_ASSERTIONS = NO;
				ENABLE_STRICT_OBJC_MSGSEND = YES;
				GCC_C_LANGUAGE_STANDARD = gnu11;
				GCC_NO_COMMON_BLOCKS = YES;
				GCC_WARN_64_TO_32_BIT_CONVERSION = YES;
				GCC_WARN_ABOUT_RETURN_TYPE = YES_ERROR;
				GCC_WARN_UNDECLARED_SELECTOR = YES;
				GCC_WARN_UNINITIALIZED_AUTOS = YES_AGGRESSIVE;
				GCC_WARN_UNUSED_FUNCTION = YES;
				GCC_WARN_UNUSED_VARIABLE = YES;
				IPHONEOS_DEPLOYMENT_TARGET = 11.2;
				MTL_ENABLE_DEBUG_INFO = NO;
				SDKROOT = iphoneos;
				SWIFT_OPTIMIZATION_LEVEL = "-Owholemodule";
				VALIDATE_PRODUCT = YES;
			};
			name = Release;
		};
		235B4161202DC1E000F86146 /* Debug */ = {
			isa = XCBuildConfiguration;
			buildSettings = {
				ASSETCATALOG_COMPILER_APPICON_NAME = AppIcon;
				CODE_SIGN_STYLE = Automatic;
				DEVELOPMENT_TEAM = QE6KY6Z37U;
				INFOPLIST_FILE = ToDoey/Info.plist;
				LD_RUNPATH_SEARCH_PATHS = "$(inherited) @executable_path/Frameworks";
				PRODUCT_BUNDLE_IDENTIFIER = com.keithC.ToDoey;
				PRODUCT_NAME = "$(TARGET_NAME)";
				SWIFT_VERSION = 4.0;
				TARGETED_DEVICE_FAMILY = "1,2";
			};
			name = Debug;
		};
		235B4162202DC1E000F86146 /* Release */ = {
			isa = XCBuildConfiguration;
			buildSettings = {
				ASSETCATALOG_COMPILER_APPICON_NAME = AppIcon;
				CODE_SIGN_STYLE = Automatic;
				DEVELOPMENT_TEAM = QE6KY6Z37U;
				INFOPLIST_FILE = ToDoey/Info.plist;
				LD_RUNPATH_SEARCH_PATHS = "$(inherited) @executable_path/Frameworks";
				PRODUCT_BUNDLE_IDENTIFIER = com.keithC.ToDoey;
				PRODUCT_NAME = "$(TARGET_NAME)";
				SWIFT_VERSION = 4.0;
				TARGETED_DEVICE_FAMILY = "1,2";
			};
			name = Release;
		};
/* End XCBuildConfiguration section */

/* Begin XCConfigurationList section */
		235B4149202DC1DF00F86146 /* Build configuration list for PBXProject "ToDoey" */ = {
			isa = XCConfigurationList;
			buildConfigurations = (
				235B415E202DC1E000F86146 /* Debug */,
				235B415F202DC1E000F86146 /* Release */,
			);
			defaultConfigurationIsVisible = 0;
			defaultConfigurationName = Release;
		};
		235B4160202DC1E000F86146 /* Build configuration list for PBXNativeTarget "ToDoey" */ = {
			isa = XCConfigurationList;
			buildConfigurations = (
				235B4161202DC1E000F86146 /* Debug */,
				235B4162202DC1E000F86146 /* Release */,
			);
			defaultConfigurationIsVisible = 0;
			defaultConfigurationName = Release;
		};
/* End XCConfigurationList section */

/* Begin XCVersionGroup section */
		23A0B88F203494F800AF2BB6 /* DataModel.xcdatamodeld */ = {
			isa = XCVersionGroup;
			children = (
				23A0B890203494F800AF2BB6 /* DataModel.xcdatamodel */,
			);
			currentVersion = 23A0B890203494F800AF2BB6 /* DataModel.xcdatamodel */;
			path = DataModel.xcdatamodeld;
			sourceTree = "<group>";
			versionGroupType = wrapper.xcdatamodel;
		};
/* End XCVersionGroup section */
	};
	rootObject = 235B4146202DC1DF00F86146 /* Project object */;
}
